
Microsoft Visual Studio Solution File, Format Version 9.00
# Visual Studio 2005
Project("{FAE04EC0-301F-11D3-BF4B-00C04F79EFBC}") = "SampleApplication", "SampleApplication\SampleApplication.csproj", "{A5B20C56-5E7F-4ED1-815D-959336A0FEB0}"
EndProject
Global
	GlobalSection(SolutionConfigurationPlatforms) = preSolution
		Debug|Any CPU = Debug|Any CPU
		Release|Any CPU = Release|Any CPU
	EndGlobalSection
	GlobalSection(ProjectConfigurationPlatforms) = postSolution
		{A5B20C56-5E7F-4ED1-815D-959336A0FEB0}.Debug|Any CPU.ActiveCfg = Debug|Any CPU
		{A5B20C56-5E7F-4ED1-815D-959336A0FEB0}.Debug|Any CPU.Build.0 = Debug|Any CPU
		{A5B20C56-5E7F-4ED1-815D-959336A0FEB0}.Release|Any CPU.ActiveCfg = Release|Any CPU
		{A5B20C56-5E7F-4ED1-815D-959336A0FEB0}.Release|Any CPU.Build.0 = Release|Any CPU
	EndGlobalSection
	GlobalSection(SolutionProperties) = preSolution
		HideSolutionNode = FALSE
	EndGlobalSection
EndGlobal
